// !$*UTF8*$!
{
	archiveVersion = 1;
	classes = {
	};
	objectVersion = 48;
	objects = {

/* Begin PBXBuildFile section */
		34A6728A1FB03C5F00923C83 /* AppDelegate.swift in Sources */ = {isa = PBXBuildFile; fileRef = 34A672891FB03C5F00923C83 /* AppDelegate.swift */; };
		34A6728C1FB03C5F00923C83 /* ViewController.swift in Sources */ = {isa = PBXBuildFile; fileRef = 34A6728B1FB03C5F00923C83 /* ViewController.swift */; };
		34A6728F1FB03C5F00923C83 /* Main.storyboard in Resources */ = {isa = PBXBuildFile; fileRef = 34A6728D1FB03C5F00923C83 /* Main.storyboard */; };
		34A672911FB03C5F00923C83 /* Assets.xcassets in Resources */ = {isa = PBXBuildFile; fileRef = 34A672901FB03C5F00923C83 /* Assets.xcassets */; };
		34A672941FB03C5F00923C83 /* LaunchScreen.storyboard in Resources */ = {isa = PBXBuildFile; fileRef = 34A672921FB03C5F00923C83 /* LaunchScreen.storyboard */; };
		34A6729F1FB03C5F00923C83 /* ALKitDemoTests.swift in Sources */ = {isa = PBXBuildFile; fileRef = 34A6729E1FB03C5F00923C83 /* ALKitDemoTests.swift */; };
		34A672AA1FB03C5F00923C83 /* ALKitDemoUITests.swift in Sources */ = {isa = PBXBuildFile; fileRef = 34A672A91FB03C5F00923C83 /* ALKitDemoUITests.swift */; };
		9E285EF042CC5C7AA65CE9C4 /* Pods_ALKitDemoTests.framework in Frameworks */ = {isa = PBXBuildFile; fileRef = C54BDFB59CAC35E487AEDFD6 /* Pods_ALKitDemoTests.framework */; };
		9ED600C1E667BD374BBF85DB /* Pods_ALKitDemoUITests.framework in Frameworks */ = {isa = PBXBuildFile; fileRef = E202C65FB1B7F156514DF5A7 /* Pods_ALKitDemoUITests.framework */; };
		C54FC546B992E13DB48A545F /* Pods_ALKitDemo.framework in Frameworks */ = {isa = PBXBuildFile; fileRef = 1EB43118E50CC6B804E07E3F /* Pods_ALKitDemo.framework */; };
/* End PBXBuildFile section */

/* Begin PBXContainerItemProxy section */
		34A6729B1FB03C5F00923C83 /* PBXContainerItemProxy */ = {
			isa = PBXContainerItemProxy;
			containerPortal = 34A6727E1FB03C5E00923C83 /* Project object */;
			proxyType = 1;
			remoteGlobalIDString = 34A672851FB03C5F00923C83;
			remoteInfo = ALKitDemo;
		};
		34A672A61FB03C5F00923C83 /* PBXContainerItemProxy */ = {
			isa = PBXContainerItemProxy;
			containerPortal = 34A6727E1FB03C5E00923C83 /* Project object */;
			proxyType = 1;
			remoteGlobalIDString = 34A672851FB03C5F00923C83;
			remoteInfo = ALKitDemo;
		};
/* End PBXContainerItemProxy section */

/* Begin PBXFileReference section */
		19D52BDF2F734613DAB22CB4 /* Pods-ALKitDemoTests.release.xcconfig */ = {isa = PBXFileReference; includeInIndex = 1; lastKnownFileType = text.xcconfig; name = "Pods-ALKitDemoTests.release.xcconfig"; path = "Pods/Target Support Files/Pods-ALKitDemoTests/Pods-ALKitDemoTests.release.xcconfig"; sourceTree = "<group>"; };
		1EB43118E50CC6B804E07E3F /* Pods_ALKitDemo.framework */ = {isa = PBXFileReference; explicitFileType = wrapper.framework; includeInIndex = 0; path = Pods_ALKitDemo.framework; sourceTree = BUILT_PRODUCTS_DIR; };
		34A672861FB03C5F00923C83 /* ALKitDemo.app */ = {isa = PBXFileReference; explicitFileType = wrapper.application; includeInIndex = 0; path = ALKitDemo.app; sourceTree = BUILT_PRODUCTS_DIR; };
		34A672891FB03C5F00923C83 /* AppDelegate.swift */ = {isa = PBXFileReference; lastKnownFileType = sourcecode.swift; path = AppDelegate.swift; sourceTree = "<group>"; };
		34A6728B1FB03C5F00923C83 /* ViewController.swift */ = {isa = PBXFileReference; lastKnownFileType = sourcecode.swift; path = ViewController.swift; sourceTree = "<group>"; };
		34A6728E1FB03C5F00923C83 /* Base */ = {isa = PBXFileReference; lastKnownFileType = file.storyboard; name = Base; path = Base.lproj/Main.storyboard; sourceTree = "<group>"; };
		34A672901FB03C5F00923C83 /* Assets.xcassets */ = {isa = PBXFileReference; lastKnownFileType = folder.assetcatalog; path = Assets.xcassets; sourceTree = "<group>"; };
		34A672931FB03C5F00923C83 /* Base */ = {isa = PBXFileReference; lastKnownFileType = file.storyboard; name = Base; path = Base.lproj/LaunchScreen.storyboard; sourceTree = "<group>"; };
		34A672951FB03C5F00923C83 /* Info.plist */ = {isa = PBXFileReference; lastKnownFileType = text.plist.xml; path = Info.plist; sourceTree = "<group>"; };
		34A6729A1FB03C5F00923C83 /* ALKitDemoTests.xctest */ = {isa = PBXFileReference; explicitFileType = wrapper.cfbundle; includeInIndex = 0; path = ALKitDemoTests.xctest; sourceTree = BUILT_PRODUCTS_DIR; };
		34A6729E1FB03C5F00923C83 /* ALKitDemoTests.swift */ = {isa = PBXFileReference; lastKnownFileType = sourcecode.swift; path = ALKitDemoTests.swift; sourceTree = "<group>"; };
		34A672A01FB03C5F00923C83 /* Info.plist */ = {isa = PBXFileReference; lastKnownFileType = text.plist.xml; path = Info.plist; sourceTree = "<group>"; };
		34A672A51FB03C5F00923C83 /* ALKitDemoUITests.xctest */ = {isa = PBXFileReference; explicitFileType = wrapper.cfbundle; includeInIndex = 0; path = ALKitDemoUITests.xctest; sourceTree = BUILT_PRODUCTS_DIR; };
		34A672A91FB03C5F00923C83 /* ALKitDemoUITests.swift */ = {isa = PBXFileReference; lastKnownFileType = sourcecode.swift; path = ALKitDemoUITests.swift; sourceTree = "<group>"; };
		34A672AB1FB03C5F00923C83 /* Info.plist */ = {isa = PBXFileReference; lastKnownFileType = text.plist.xml; path = Info.plist; sourceTree = "<group>"; };
		90EBFF05A88127E4C363543C /* Pods-ALKitDemoUITests.release.xcconfig */ = {isa = PBXFileReference; includeInIndex = 1; lastKnownFileType = text.xcconfig; name = "Pods-ALKitDemoUITests.release.xcconfig"; path = "Pods/Target Support Files/Pods-ALKitDemoUITests/Pods-ALKitDemoUITests.release.xcconfig"; sourceTree = "<group>"; };
		9584F566ED677FD28EB23D33 /* Pods-ALKitDemoUITests.debug.xcconfig */ = {isa = PBXFileReference; includeInIndex = 1; lastKnownFileType = text.xcconfig; name = "Pods-ALKitDemoUITests.debug.xcconfig"; path = "Pods/Target Support Files/Pods-ALKitDemoUITests/Pods-ALKitDemoUITests.debug.xcconfig"; sourceTree = "<group>"; };
		A046E4B4E4AD122DF9A8DD1B /* Pods-ALKitDemo.release.xcconfig */ = {isa = PBXFileReference; includeInIndex = 1; lastKnownFileType = text.xcconfig; name = "Pods-ALKitDemo.release.xcconfig"; path = "Pods/Target Support Files/Pods-ALKitDemo/Pods-ALKitDemo.release.xcconfig"; sourceTree = "<group>"; };
		C21DA7392E8746F6CED92FD2 /* Pods-ALKitDemoTests.debug.xcconfig */ = {isa = PBXFileReference; includeInIndex = 1; lastKnownFileType = text.xcconfig; name = "Pods-ALKitDemoTests.debug.xcconfig"; path = "Pods/Target Support Files/Pods-ALKitDemoTests/Pods-ALKitDemoTests.debug.xcconfig"; sourceTree = "<group>"; };
		C54BDFB59CAC35E487AEDFD6 /* Pods_ALKitDemoTests.framework */ = {isa = PBXFileReference; explicitFileType = wrapper.framework; includeInIndex = 0; path = Pods_ALKitDemoTests.framework; sourceTree = BUILT_PRODUCTS_DIR; };
		E202C65FB1B7F156514DF5A7 /* Pods_ALKitDemoUITests.framework */ = {isa = PBXFileReference; explicitFileType = wrapper.framework; includeInIndex = 0; path = Pods_ALKitDemoUITests.framework; sourceTree = BUILT_PRODUCTS_DIR; };
		F64A48D41766981756AA080F /* Pods-ALKitDemo.debug.xcconfig */ = {isa = PBXFileReference; includeInIndex = 1; lastKnownFileType = text.xcconfig; name = "Pods-ALKitDemo.debug.xcconfig"; path = "Pods/Target Support Files/Pods-ALKitDemo/Pods-ALKitDemo.debug.xcconfig"; sourceTree = "<group>"; };
/* End PBXFileReference section */

/* Begin PBXFrameworksBuildPhase section */
		34A672831FB03C5F00923C83 /* Frameworks */ = {
			isa = PBXFrameworksBuildPhase;
			buildActionMask = 2147483647;
			files = (
				C54FC546B992E13DB48A545F /* Pods_ALKitDemo.framework in Frameworks */,
			);
			runOnlyForDeploymentPostprocessing = 0;
		};
		34A672971FB03C5F00923C83 /* Frameworks */ = {
			isa = PBXFrameworksBuildPhase;
			buildActionMask = 2147483647;
			files = (
				9E285EF042CC5C7AA65CE9C4 /* Pods_ALKitDemoTests.framework in Frameworks */,
			);
			runOnlyForDeploymentPostprocessing = 0;
		};
		34A672A21FB03C5F00923C83 /* Frameworks */ = {
			isa = PBXFrameworksBuildPhase;
			buildActionMask = 2147483647;
			files = (
				9ED600C1E667BD374BBF85DB /* Pods_ALKitDemoUITests.framework in Frameworks */,
			);
			runOnlyForDeploymentPostprocessing = 0;
		};
/* End PBXFrameworksBuildPhase section */

/* Begin PBXGroup section */
		00FEB5F11AEF7019C0A7E5DB /* Pods */ = {
			isa = PBXGroup;
			children = (
				F64A48D41766981756AA080F /* Pods-ALKitDemo.debug.xcconfig */,
				A046E4B4E4AD122DF9A8DD1B /* Pods-ALKitDemo.release.xcconfig */,
				C21DA7392E8746F6CED92FD2 /* Pods-ALKitDemoTests.debug.xcconfig */,
				19D52BDF2F734613DAB22CB4 /* Pods-ALKitDemoTests.release.xcconfig */,
				9584F566ED677FD28EB23D33 /* Pods-ALKitDemoUITests.debug.xcconfig */,
				90EBFF05A88127E4C363543C /* Pods-ALKitDemoUITests.release.xcconfig */,
			);
			name = Pods;
			sourceTree = "<group>";
		};
		24E841D67E3BB610E62FFFC6 /* Frameworks */ = {
			isa = PBXGroup;
			children = (
				1EB43118E50CC6B804E07E3F /* Pods_ALKitDemo.framework */,
				C54BDFB59CAC35E487AEDFD6 /* Pods_ALKitDemoTests.framework */,
				E202C65FB1B7F156514DF5A7 /* Pods_ALKitDemoUITests.framework */,
			);
			name = Frameworks;
			sourceTree = "<group>";
		};
		34A6727D1FB03C5E00923C83 = {
			isa = PBXGroup;
			children = (
				34A672881FB03C5F00923C83 /* ALKitDemo */,
				34A6729D1FB03C5F00923C83 /* ALKitDemoTests */,
				34A672A81FB03C5F00923C83 /* ALKitDemoUITests */,
				34A672871FB03C5F00923C83 /* Products */,
				00FEB5F11AEF7019C0A7E5DB /* Pods */,
				24E841D67E3BB610E62FFFC6 /* Frameworks */,
			);
			sourceTree = "<group>";
		};
		34A672871FB03C5F00923C83 /* Products */ = {
			isa = PBXGroup;
			children = (
				34A672861FB03C5F00923C83 /* ALKitDemo.app */,
				34A6729A1FB03C5F00923C83 /* ALKitDemoTests.xctest */,
				34A672A51FB03C5F00923C83 /* ALKitDemoUITests.xctest */,
			);
			name = Products;
			sourceTree = "<group>";
		};
		34A672881FB03C5F00923C83 /* ALKitDemo */ = {
			isa = PBXGroup;
			children = (
				34A672891FB03C5F00923C83 /* AppDelegate.swift */,
				34A6728B1FB03C5F00923C83 /* ViewController.swift */,
				34A6728D1FB03C5F00923C83 /* Main.storyboard */,
				34A672901FB03C5F00923C83 /* Assets.xcassets */,
				34A672921FB03C5F00923C83 /* LaunchScreen.storyboard */,
				34A672951FB03C5F00923C83 /* Info.plist */,
			);
			path = ALKitDemo;
			sourceTree = "<group>";
		};
		34A6729D1FB03C5F00923C83 /* ALKitDemoTests */ = {
			isa = PBXGroup;
			children = (
				34A6729E1FB03C5F00923C83 /* ALKitDemoTests.swift */,
				34A672A01FB03C5F00923C83 /* Info.plist */,
			);
			path = ALKitDemoTests;
			sourceTree = "<group>";
		};
		34A672A81FB03C5F00923C83 /* ALKitDemoUITests */ = {
			isa = PBXGroup;
			children = (
				34A672A91FB03C5F00923C83 /* ALKitDemoUITests.swift */,
				34A672AB1FB03C5F00923C83 /* Info.plist */,
			);
			path = ALKitDemoUITests;
			sourceTree = "<group>";
		};
/* End PBXGroup section */

/* Begin PBXNativeTarget section */
		34A672851FB03C5F00923C83 /* ALKitDemo */ = {
			isa = PBXNativeTarget;
			buildConfigurationList = 34A672AE1FB03C5F00923C83 /* Build configuration list for PBXNativeTarget "ALKitDemo" */;
			buildPhases = (
				078FD787629B11D1B725B3F6 /* [CP] Check Pods Manifest.lock */,
				34A672821FB03C5F00923C83 /* Sources */,
				34A672831FB03C5F00923C83 /* Frameworks */,
				34A672841FB03C5F00923C83 /* Resources */,
				9CE1F3E1DA42FBE2E3713F34 /* [CP] Embed Pods Frameworks */,
				305C65C641D00D4C6C2625F6 /* [CP] Copy Pods Resources */,
			);
			buildRules = (
			);
			dependencies = (
			);
			name = ALKitDemo;
			productName = ALKitDemo;
			productReference = 34A672861FB03C5F00923C83 /* ALKitDemo.app */;
			productType = "com.apple.product-type.application";
		};
		34A672991FB03C5F00923C83 /* ALKitDemoTests */ = {
			isa = PBXNativeTarget;
			buildConfigurationList = 34A672B11FB03C5F00923C83 /* Build configuration list for PBXNativeTarget "ALKitDemoTests" */;
			buildPhases = (
				8883D089A293710654E2FB73 /* [CP] Check Pods Manifest.lock */,
				34A672961FB03C5F00923C83 /* Sources */,
				34A672971FB03C5F00923C83 /* Frameworks */,
				34A672981FB03C5F00923C83 /* Resources */,
				2DE5C2ED30C84CE15AE44FCC /* [CP] Embed Pods Frameworks */,
				335EC5720C72A2A8C5407D6D /* [CP] Copy Pods Resources */,
			);
			buildRules = (
			);
			dependencies = (
				34A6729C1FB03C5F00923C83 /* PBXTargetDependency */,
			);
			name = ALKitDemoTests;
			productName = ALKitDemoTests;
			productReference = 34A6729A1FB03C5F00923C83 /* ALKitDemoTests.xctest */;
			productType = "com.apple.product-type.bundle.unit-test";
		};
		34A672A41FB03C5F00923C83 /* ALKitDemoUITests */ = {
			isa = PBXNativeTarget;
			buildConfigurationList = 34A672B41FB03C5F00923C83 /* Build configuration list for PBXNativeTarget "ALKitDemoUITests" */;
			buildPhases = (
				D883B9A446A526F706C250C2 /* [CP] Check Pods Manifest.lock */,
				34A672A11FB03C5F00923C83 /* Sources */,
				34A672A21FB03C5F00923C83 /* Frameworks */,
				34A672A31FB03C5F00923C83 /* Resources */,
				C0001A23305C7F8D2F78C767 /* [CP] Embed Pods Frameworks */,
				19E0103E2A20CCC58EECCC47 /* [CP] Copy Pods Resources */,
			);
			buildRules = (
			);
			dependencies = (
				34A672A71FB03C5F00923C83 /* PBXTargetDependency */,
			);
			name = ALKitDemoUITests;
			productName = ALKitDemoUITests;
			productReference = 34A672A51FB03C5F00923C83 /* ALKitDemoUITests.xctest */;
			productType = "com.apple.product-type.bundle.ui-testing";
		};
/* End PBXNativeTarget section */

/* Begin PBXProject section */
		34A6727E1FB03C5E00923C83 /* Project object */ = {
			isa = PBXProject;
			attributes = {
				LastSwiftUpdateCheck = 0910;
				LastUpgradeCheck = 0910;
				ORGANIZATIONNAME = R.S;
				TargetAttributes = {
					34A672851FB03C5F00923C83 = {
						CreatedOnToolsVersion = 9.1;
						ProvisioningStyle = Automatic;
					};
					34A672991FB03C5F00923C83 = {
						CreatedOnToolsVersion = 9.1;
						ProvisioningStyle = Automatic;
						TestTargetID = 34A672851FB03C5F00923C83;
					};
					34A672A41FB03C5F00923C83 = {
						CreatedOnToolsVersion = 9.1;
						ProvisioningStyle = Automatic;
						TestTargetID = 34A672851FB03C5F00923C83;
					};
				};
			};
			buildConfigurationList = 34A672811FB03C5E00923C83 /* Build configuration list for PBXProject "ALKitDemo" */;
			compatibilityVersion = "Xcode 8.0";
			developmentRegion = en;
			hasScannedForEncodings = 0;
			knownRegions = (
				en,
				Base,
			);
			mainGroup = 34A6727D1FB03C5E00923C83;
			productRefGroup = 34A672871FB03C5F00923C83 /* Products */;
			projectDirPath = "";
			projectRoot = "";
			targets = (
				34A672851FB03C5F00923C83 /* ALKitDemo */,
				34A672991FB03C5F00923C83 /* ALKitDemoTests */,
				34A672A41FB03C5F00923C83 /* ALKitDemoUITests */,
			);
		};
/* End PBXProject section */

/* Begin PBXResourcesBuildPhase section */
		34A672841FB03C5F00923C83 /* Resources */ = {
			isa = PBXResourcesBuildPhase;
			buildActionMask = 2147483647;
			files = (
				34A672941FB03C5F00923C83 /* LaunchScreen.storyboard in Resources */,
				34A672911FB03C5F00923C83 /* Assets.xcassets in Resources */,
				34A6728F1FB03C5F00923C83 /* Main.storyboard in Resources */,
			);
			runOnlyForDeploymentPostprocessing = 0;
		};
		34A672981FB03C5F00923C83 /* Resources */ = {
			isa = PBXResourcesBuildPhase;
			buildActionMask = 2147483647;
			files = (
			);
			runOnlyForDeploymentPostprocessing = 0;
		};
		34A672A31FB03C5F00923C83 /* Resources */ = {
			isa = PBXResourcesBuildPhase;
			buildActionMask = 2147483647;
			files = (
			);
			runOnlyForDeploymentPostprocessing = 0;
		};
/* End PBXResourcesBuildPhase section */

/* Begin PBXShellScriptBuildPhase section */
		078FD787629B11D1B725B3F6 /* [CP] Check Pods Manifest.lock */ = {
			isa = PBXShellScriptBuildPhase;
			buildActionMask = 2147483647;
			files = (
			);
			inputPaths = (
				"${PODS_PODFILE_DIR_PATH}/Podfile.lock",
				"${PODS_ROOT}/Manifest.lock",
			);
			name = "[CP] Check Pods Manifest.lock";
			outputPaths = (
				"$(DERIVED_FILE_DIR)/Pods-ALKitDemo-checkManifestLockResult.txt",
			);
			runOnlyForDeploymentPostprocessing = 0;
			shellPath = /bin/sh;
			shellScript = "diff \"${PODS_PODFILE_DIR_PATH}/Podfile.lock\" \"${PODS_ROOT}/Manifest.lock\" > /dev/null\nif [ $? != 0 ] ; then\n    # print error to STDERR\n    echo \"error: The sandbox is not in sync with the Podfile.lock. Run 'pod install' or update your CocoaPods installation.\" >&2\n    exit 1\nfi\n# This output is used by Xcode 'outputs' to avoid re-running this script phase.\necho \"SUCCESS\" > \"${SCRIPT_OUTPUT_FILE_0}\"\n";
			showEnvVarsInLog = 0;
		};
		19E0103E2A20CCC58EECCC47 /* [CP] Copy Pods Resources */ = {
			isa = PBXShellScriptBuildPhase;
			buildActionMask = 2147483647;
			files = (
			);
			inputPaths = (
			);
			name = "[CP] Copy Pods Resources";
			outputPaths = (
			);
			runOnlyForDeploymentPostprocessing = 0;
			shellPath = /bin/sh;
			shellScript = "\"${SRCROOT}/Pods/Target Support Files/Pods-ALKitDemoUITests/Pods-ALKitDemoUITests-resources.sh\"\n";
			showEnvVarsInLog = 0;
		};
		2DE5C2ED30C84CE15AE44FCC /* [CP] Embed Pods Frameworks */ = {
			isa = PBXShellScriptBuildPhase;
			buildActionMask = 2147483647;
			files = (
			);
			inputPaths = (
			);
			name = "[CP] Embed Pods Frameworks";
			outputPaths = (
			);
			runOnlyForDeploymentPostprocessing = 0;
			shellPath = /bin/sh;
			shellScript = "\"${SRCROOT}/Pods/Target Support Files/Pods-ALKitDemoTests/Pods-ALKitDemoTests-frameworks.sh\"\n";
			showEnvVarsInLog = 0;
		};
		305C65C641D00D4C6C2625F6 /* [CP] Copy Pods Resources */ = {
			isa = PBXShellScriptBuildPhase;
			buildActionMask = 2147483647;
			files = (
			);
			inputPaths = (
			);
			name = "[CP] Copy Pods Resources";
			outputPaths = (
			);
			runOnlyForDeploymentPostprocessing = 0;
			shellPath = /bin/sh;
			shellScript = "\"${SRCROOT}/Pods/Target Support Files/Pods-ALKitDemo/Pods-ALKitDemo-resources.sh\"\n";
			showEnvVarsInLog = 0;
		};
		335EC5720C72A2A8C5407D6D /* [CP] Copy Pods Resources */ = {
			isa = PBXShellScriptBuildPhase;
			buildActionMask = 2147483647;
			files = (
			);
			inputPaths = (
			);
			name = "[CP] Copy Pods Resources";
			outputPaths = (
			);
			runOnlyForDeploymentPostprocessing = 0;
			shellPath = /bin/sh;
			shellScript = "\"${SRCROOT}/Pods/Target Support Files/Pods-ALKitDemoTests/Pods-ALKitDemoTests-resources.sh\"\n";
			showEnvVarsInLog = 0;
		};
		8883D089A293710654E2FB73 /* [CP] Check Pods Manifest.lock */ = {
			isa = PBXShellScriptBuildPhase;
			buildActionMask = 2147483647;
			files = (
			);
			inputPaths = (
				"${PODS_PODFILE_DIR_PATH}/Podfile.lock",
				"${PODS_ROOT}/Manifest.lock",
			);
			name = "[CP] Check Pods Manifest.lock";
			outputPaths = (
				"$(DERIVED_FILE_DIR)/Pods-ALKitDemoTests-checkManifestLockResult.txt",
			);
			runOnlyForDeploymentPostprocessing = 0;
			shellPath = /bin/sh;
			shellScript = "diff \"${PODS_PODFILE_DIR_PATH}/Podfile.lock\" \"${PODS_ROOT}/Manifest.lock\" > /dev/null\nif [ $? != 0 ] ; then\n    # print error to STDERR\n    echo \"error: The sandbox is not in sync with the Podfile.lock. Run 'pod install' or update your CocoaPods installation.\" >&2\n    exit 1\nfi\n# This output is used by Xcode 'outputs' to avoid re-running this script phase.\necho \"SUCCESS\" > \"${SCRIPT_OUTPUT_FILE_0}\"\n";
			showEnvVarsInLog = 0;
		};
		9CE1F3E1DA42FBE2E3713F34 /* [CP] Embed Pods Frameworks */ = {
			isa = PBXShellScriptBuildPhase;
			buildActionMask = 2147483647;
			files = (
			);
			inputPaths = (
				"${SRCROOT}/Pods/Target Support Files/Pods-ALKitDemo/Pods-ALKitDemo-frameworks.sh",
				"${BUILT_PRODUCTS_DIR}/ALKit/ALKit.framework",
			);
			name = "[CP] Embed Pods Frameworks";
			outputPaths = (
				"${TARGET_BUILD_DIR}/${FRAMEWORKS_FOLDER_PATH}/ALKit.framework",
			);
			runOnlyForDeploymentPostprocessing = 0;
			shellPath = /bin/sh;
			shellScript = "\"${SRCROOT}/Pods/Target Support Files/Pods-ALKitDemo/Pods-ALKitDemo-frameworks.sh\"\n";
			showEnvVarsInLog = 0;
		};
		C0001A23305C7F8D2F78C767 /* [CP] Embed Pods Frameworks */ = {
			isa = PBXShellScriptBuildPhase;
			buildActionMask = 2147483647;
			files = (
			);
			inputPaths = (
			);
			name = "[CP] Embed Pods Frameworks";
			outputPaths = (
			);
			runOnlyForDeploymentPostprocessing = 0;
			shellPath = /bin/sh;
			shellScript = "\"${SRCROOT}/Pods/Target Support Files/Pods-ALKitDemoUITests/Pods-ALKitDemoUITests-frameworks.sh\"\n";
			showEnvVarsInLog = 0;
		};
		D883B9A446A526F706C250C2 /* [CP] Check Pods Manifest.lock */ = {
			isa = PBXShellScriptBuildPhase;
			buildActionMask = 2147483647;
			files = (
			);
			inputPaths = (
				"${PODS_PODFILE_DIR_PATH}/Podfile.lock",
				"${PODS_ROOT}/Manifest.lock",
			);
			name = "[CP] Check Pods Manifest.lock";
			outputPaths = (
				"$(DERIVED_FILE_DIR)/Pods-ALKitDemoUITests-checkManifestLockResult.txt",
			);
			runOnlyForDeploymentPostprocessing = 0;
			shellPath = /bin/sh;
			shellScript = "diff \"${PODS_PODFILE_DIR_PATH}/Podfile.lock\" \"${PODS_ROOT}/Manifest.lock\" > /dev/null\nif [ $? != 0 ] ; then\n    # print error to STDERR\n    echo \"error: The sandbox is not in sync with the Podfile.lock. Run 'pod install' or update your CocoaPods installation.\" >&2\n    exit 1\nfi\n# This output is used by Xcode 'outputs' to avoid re-running this script phase.\necho \"SUCCESS\" > \"${SCRIPT_OUTPUT_FILE_0}\"\n";
			showEnvVarsInLog = 0;
		};
/* End PBXShellScriptBuildPhase section */

/* Begin PBXSourcesBuildPhase section */
		34A672821FB03C5F00923C83 /* Sources */ = {
			isa = PBXSourcesBuildPhase;
			buildActionMask = 2147483647;
			files = (
				34A6728C1FB03C5F00923C83 /* ViewController.swift in Sources */,
				34A6728A1FB03C5F00923C83 /* AppDelegate.swift in Sources */,
			);
			runOnlyForDeploymentPostprocessing = 0;
		};
		34A672961FB03C5F00923C83 /* Sources */ = {
			isa = PBXSourcesBuildPhase;
			buildActionMask = 2147483647;
			files = (
				34A6729F1FB03C5F00923C83 /* ALKitDemoTests.swift in Sources */,
			);
			runOnlyForDeploymentPostprocessing = 0;
		};
		34A672A11FB03C5F00923C83 /* Sources */ = {
			isa = PBXSourcesBuildPhase;
			buildActionMask = 2147483647;
			files = (
				34A672AA1FB03C5F00923C83 /* ALKitDemoUITests.swift in Sources */,
			);
			runOnlyForDeploymentPostprocessing = 0;
		};
/* End PBXSourcesBuildPhase section */

/* Begin PBXTargetDependency section */
		34A6729C1FB03C5F00923C83 /* PBXTargetDependency */ = {
			isa = PBXTargetDependency;
			target = 34A672851FB03C5F00923C83 /* ALKitDemo */;
			targetProxy = 34A6729B1FB03C5F00923C83 /* PBXContainerItemProxy */;
		};
		34A672A71FB03C5F00923C83 /* PBXTargetDependency */ = {
			isa = PBXTargetDependency;
			target = 34A672851FB03C5F00923C83 /* ALKitDemo */;
			targetProxy = 34A672A61FB03C5F00923C83 /* PBXContainerItemProxy */;
		};
/* End PBXTargetDependency section */

/* Begin PBXVariantGroup section */
		34A6728D1FB03C5F00923C83 /* Main.storyboard */ = {
			isa = PBXVariantGroup;
			children = (
				34A6728E1FB03C5F00923C83 /* Base */,
			);
			name = Main.storyboard;
			sourceTree = "<group>";
		};
		34A672921FB03C5F00923C83 /* LaunchScreen.storyboard */ = {
			isa = PBXVariantGroup;
			children = (
				34A672931FB03C5F00923C83 /* Base */,
			);
			name = LaunchScreen.storyboard;
			sourceTree = "<group>";
		};
/* End PBXVariantGroup section */

/* Begin XCBuildConfiguration section */
		34A672AC1FB03C5F00923C83 /* Debug */ = {
			isa = XCBuildConfiguration;
			buildSettings = {
				ALWAYS_SEARCH_USER_PATHS = NO;
				CLANG_ANALYZER_NONNULL = YES;
				CLANG_ANALYZER_NUMBER_OBJECT_CONVERSION = YES_AGGRESSIVE;
				CLANG_CXX_LANGUAGE_STANDARD = "gnu++14";
				CLANG_CXX_LIBRARY = "libc++";
				CLANG_ENABLE_MODULES = YES;
				CLANG_ENABLE_OBJC_ARC = YES;
				CLANG_WARN_BLOCK_CAPTURE_AUTORELEASING = YES;
				CLANG_WARN_BOOL_CONVERSION = YES;
				CLANG_WARN_COMMA = YES;
				CLANG_WARN_CONSTANT_CONVERSION = YES;
				CLANG_WARN_DIRECT_OBJC_ISA_USAGE = YES_ERROR;
				CLANG_WARN_DOCUMENTATION_COMMENTS = YES;
				CLANG_WARN_EMPTY_BODY = YES;
				CLANG_WARN_ENUM_CONVERSION = YES;
				CLANG_WARN_INFINITE_RECURSION = YES;
				CLANG_WARN_INT_CONVERSION = YES;
				CLANG_WARN_NON_LITERAL_NULL_CONVERSION = YES;
				CLANG_WARN_OBJC_LITERAL_CONVERSION = YES;
				CLANG_WARN_OBJC_ROOT_CLASS = YES_ERROR;
				CLANG_WARN_RANGE_LOOP_ANALYSIS = YES;
				CLANG_WARN_STRICT_PROTOTYPES = YES;
				CLANG_WARN_SUSPICIOUS_MOVE = YES;
				CLANG_WARN_UNGUARDED_AVAILABILITY = YES_AGGRESSIVE;
				CLANG_WARN_UNREACHABLE_CODE = YES;
				CLANG_WARN__DUPLICATE_METHOD_MATCH = YES;
				CODE_SIGN_IDENTITY = "iPhone Developer";
				COPY_PHASE_STRIP = NO;
				DEBUG_INFORMATION_FORMAT = dwarf;
				ENABLE_STRICT_OBJC_MSGSEND = YES;
				ENABLE_TESTABILITY = YES;
				GCC_C_LANGUAGE_STANDARD = gnu11;
				GCC_DYNAMIC_NO_PIC = NO;
				GCC_NO_COMMON_BLOCKS = YES;
				GCC_OPTIMIZATION_LEVEL = 0;
				GCC_PREPROCESSOR_DEFINITIONS = (
					"DEBUG=1",
					"$(inherited)",
				);
				GCC_WARN_64_TO_32_BIT_CONVERSION = YES;
				GCC_WARN_ABOUT_RETURN_TYPE = YES_ERROR;
				GCC_WARN_UNDECLARED_SELECTOR = YES;
				GCC_WARN_UNINITIALIZED_AUTOS = YES_AGGRESSIVE;
				GCC_WARN_UNUSED_FUNCTION = YES;
				GCC_WARN_UNUSED_VARIABLE = YES;
				IPHONEOS_DEPLOYMENT_TARGET = 11.1;
				MTL_ENABLE_DEBUG_INFO = YES;
				ONLY_ACTIVE_ARCH = YES;
				SDKROOT = iphoneos;
				SWIFT_ACTIVE_COMPILATION_CONDITIONS = DEBUG;
				SWIFT_OPTIMIZATION_LEVEL = "-Onone";
			};
			name = Debug;
		};
		34A672AD1FB03C5F00923C83 /* Release */ = {
			isa = XCBuildConfiguration;
			buildSettings = {
				ALWAYS_SEARCH_USER_PATHS = NO;
				CLANG_ANALYZER_NONNULL = YES;
				CLANG_ANALYZER_NUMBER_OBJECT_CONVERSION = YES_AGGRESSIVE;
				CLANG_CXX_LANGUAGE_STANDARD = "gnu++14";
				CLANG_CXX_LIBRARY = "libc++";
				CLANG_ENABLE_MODULES = YES;
				CLANG_ENABLE_OBJC_ARC = YES;
				CLANG_WARN_BLOCK_CAPTURE_AUTORELEASING = YES;
				CLANG_WARN_BOOL_CONVERSION = YES;
				CLANG_WARN_COMMA = YES;
				CLANG_WARN_CONSTANT_CONVERSION = YES;
				CLANG_WARN_DIRECT_OBJC_ISA_USAGE = YES_ERROR;
				CLANG_WARN_DOCUMENTATION_COMMENTS = YES;
				CLANG_WARN_EMPTY_BODY = YES;
				CLANG_WARN_ENUM_CONVERSION = YES;
				CLANG_WARN_INFINITE_RECURSION = YES;
				CLANG_WARN_INT_CONVERSION = YES;
				CLANG_WARN_NON_LITERAL_NULL_CONVERSION = YES;
				CLANG_WARN_OBJC_LITERAL_CONVERSION = YES;
				CLANG_WARN_OBJC_ROOT_CLASS = YES_ERROR;
				CLANG_WARN_RANGE_LOOP_ANALYSIS = YES;
				CLANG_WARN_STRICT_PROTOTYPES = YES;
				CLANG_WARN_SUSPICIOUS_MOVE = YES;
				CLANG_WARN_UNGUARDED_AVAILABILITY = YES_AGGRESSIVE;
				CLANG_WARN_UNREACHABLE_CODE = YES;
				CLANG_WARN__DUPLICATE_METHOD_MATCH = YES;
				CODE_SIGN_IDENTITY = "iPhone Developer";
				COPY_PHASE_STRIP = NO;
				DEBUG_INFORMATION_FORMAT = "dwarf-with-dsym";
				ENABLE_NS_ASSERTIONS = NO;
				ENABLE_STRICT_OBJC_MSGSEND = YES;
				GCC_C_LANGUAGE_STANDARD = gnu11;
				GCC_NO_COMMON_BLOCKS = YES;
				GCC_WARN_64_TO_32_BIT_CONVERSION = YES;
				GCC_WARN_ABOUT_RETURN_TYPE = YES_ERROR;
				GCC_WARN_UNDECLARED_SELECTOR = YES;
				GCC_WARN_UNINITIALIZED_AUTOS = YES_AGGRESSIVE;
				GCC_WARN_UNUSED_FUNCTION = YES;
				GCC_WARN_UNUSED_VARIABLE = YES;
				IPHONEOS_DEPLOYMENT_TARGET = 11.1;
				MTL_ENABLE_DEBUG_INFO = NO;
				SDKROOT = iphoneos;
				SWIFT_OPTIMIZATION_LEVEL = "-Owholemodule";
				VALIDATE_PRODUCT = YES;
			};
			name = Release;
		};
		34A672AF1FB03C5F00923C83 /* Debug */ = {
			isa = XCBuildConfiguration;
			baseConfigurationReference = F64A48D41766981756AA080F /* Pods-ALKitDemo.debug.xcconfig */;
			buildSettings = {
				ASSETCATALOG_COMPILER_APPICON_NAME = AppIcon;
				CODE_SIGN_STYLE = Automatic;
				DEVELOPMENT_TEAM = DHQ5WDNWKL;
				INFOPLIST_FILE = ALKitDemo/Info.plist;
				LD_RUNPATH_SEARCH_PATHS = "$(inherited) @executable_path/Frameworks";
				PRODUCT_BUNDLE_IDENTIFIER = R.S.ALKitDemo;
				PRODUCT_NAME = "$(TARGET_NAME)";
				SWIFT_VERSION = 3.0;
				TARGETED_DEVICE_FAMILY = "1,2";
			};
			name = Debug;
		};
		34A672B01FB03C5F00923C83 /* Release */ = {
			isa = XCBuildConfiguration;
			baseConfigurationReference = A046E4B4E4AD122DF9A8DD1B /* Pods-ALKitDemo.release.xcconfig */;
			buildSettings = {
				ASSETCATALOG_COMPILER_APPICON_NAME = AppIcon;
				CODE_SIGN_STYLE = Automatic;
				DEVELOPMENT_TEAM = DHQ5WDNWKL;
				INFOPLIST_FILE = ALKitDemo/Info.plist;
				LD_RUNPATH_SEARCH_PATHS = "$(inherited) @executable_path/Frameworks";
				PRODUCT_BUNDLE_IDENTIFIER = R.S.ALKitDemo;
				PRODUCT_NAME = "$(TARGET_NAME)";
				SWIFT_VERSION = 3.0;
				TARGETED_DEVICE_FAMILY = "1,2";
			};
			name = Release;
		};
		34A672B21FB03C5F00923C83 /* Debug */ = {
			isa = XCBuildConfiguration;
			baseConfigurationReference = C21DA7392E8746F6CED92FD2 /* Pods-ALKitDemoTests.debug.xcconfig */;
			buildSettings = {
				ALWAYS_EMBED_SWIFT_STANDARD_LIBRARIES = YES;
				BUNDLE_LOADER = "$(TEST_HOST)";
				CODE_SIGN_STYLE = Automatic;
				INFOPLIST_FILE = ALKitDemoTests/Info.plist;
				LD_RUNPATH_SEARCH_PATHS = "$(inherited) @executable_path/Frameworks @loader_path/Frameworks";
				PRODUCT_BUNDLE_IDENTIFIER = R.S.ALKitDemoTests;
				PRODUCT_NAME = "$(TARGET_NAME)";
				SWIFT_VERSION = 4.0;
				TARGETED_DEVICE_FAMILY = "1,2";
				TEST_HOST = "$(BUILT_PRODUCTS_DIR)/ALKitDemo.app/ALKitDemo";
			};
			name = Debug;
		};
		34A672B31FB03C5F00923C83 /* Release */ = {
			isa = XCBuildConfiguration;
			baseConfigurationReference = 19D52BDF2F734613DAB22CB4 /* Pods-ALKitDemoTests.release.xcconfig */;
			buildSettings = {
				ALWAYS_EMBED_SWIFT_STANDARD_LIBRARIES = YES;
				BUNDLE_LOADER = "$(TEST_HOST)";
				CODE_SIGN_STYLE = Automatic;
				INFOPLIST_FILE = ALKitDemoTests/Info.plist;
				LD_RUNPATH_SEARCH_PATHS = "$(inherited) @executable_path/Frameworks @loader_path/Frameworks";
				PRODUCT_BUNDLE_IDENTIFIER = R.S.ALKitDemoTests;
				PRODUCT_NAME = "$(TARGET_NAME)";
				SWIFT_VERSION = 4.0;
				TARGETED_DEVICE_FAMILY = "1,2";
				TEST_HOST = "$(BUILT_PRODUCTS_DIR)/ALKitDemo.app/ALKitDemo";
			};
			name = Release;
		};
		34A672B51FB03C5F00923C83 /* Debug */ = {
			isa = XCBuildConfiguration;
			baseConfigurationReference = 9584F566ED677FD28EB23D33 /* Pods-ALKitDemoUITests.debug.xcconfig */;
			buildSettings = {
				ALWAYS_EMBED_SWIFT_STANDARD_LIBRARIES = YES;
				CODE_SIGN_STYLE = Automatic;
				INFOPLIST_FILE = ALKitDemoUITests/Info.plist;
				LD_RUNPATH_SEARCH_PATHS = "$(inherited) @executable_path/Frameworks @loader_path/Frameworks";
				PRODUCT_BUNDLE_IDENTIFIER = R.S.ALKitDemoUITests;
				PRODUCT_NAME = "$(TARGET_NAME)";
				SWIFT_VERSION = 4.0;
				TARGETED_DEVICE_FAMILY = "1,2";
				TEST_TARGET_NAME = ALKitDemo;
			};
			name = Debug;
		};
		34A672B61FB03C5F00923C83 /* Release */ = {
			isa = XCBuildConfiguration;
			baseConfigurationReference = 90EBFF05A88127E4C363543C /* Pods-ALKitDemoUITests.release.xcconfig */;
			buildSettings = {
				ALWAYS_EMBED_SWIFT_STANDARD_LIBRARIES = YES;
				CODE_SIGN_STYLE = Automatic;
				INFOPLIST_FILE = ALKitDemoUITests/Info.plist;
				LD_RUNPATH_SEARCH_PATHS = "$(inherited) @executable_path/Frameworks @loader_path/Frameworks";
				PRODUCT_BUNDLE_IDENTIFIER = R.S.ALKitDemoUITests;
				PRODUCT_NAME = "$(TARGET_NAME)";
				SWIFT_VERSION = 4.0;
				TARGETED_DEVICE_FAMILY = "1,2";
				TEST_TARGET_NAME = ALKitDemo;
			};
			name = Release;
		};
/* End XCBuildConfiguration section */

/* Begin XCConfigurationList section */
		34A672811FB03C5E00923C83 /* Build configuration list for PBXProject "ALKitDemo" */ = {
			isa = XCConfigurationList;
			buildConfigurations = (
				34A672AC1FB03C5F00923C83 /* Debug */,
				34A672AD1FB03C5F00923C83 /* Release */,
			);
			defaultConfigurationIsVisible = 0;
			defaultConfigurationName = Release;
		};
		34A672AE1FB03C5F00923C83 /* Build configuration list for PBXNativeTarget "ALKitDemo" */ = {
			isa = XCConfigurationList;
			buildConfigurations = (
				34A672AF1FB03C5F00923C83 /* Debug */,
				34A672B01FB03C5F00923C83 /* Release */,
			);
			defaultConfigurationIsVisible = 0;
			defaultConfigurationName = Release;
		};
		34A672B11FB03C5F00923C83 /* Build configuration list for PBXNativeTarget "ALKitDemoTests" */ = {
			isa = XCConfigurationList;
			buildConfigurations = (
				34A672B21FB03C5F00923C83 /* Debug */,
				34A672B31FB03C5F00923C83 /* Release */,
			);
			defaultConfigurationIsVisible = 0;
			defaultConfigurationName = Release;
		};
		34A672B41FB03C5F00923C83 /* Build configuration list for PBXNativeTarget "ALKitDemoUITests" */ = {
			isa = XCConfigurationList;
			buildConfigurations = (
				34A672B51FB03C5F00923C83 /* Debug */,
				34A672B61FB03C5F00923C83 /* Release */,
			);
			defaultConfigurationIsVisible = 0;
			defaultConfigurationName = Release;
		};
/* End XCConfigurationList section */
	};
	rootObject = 34A6727E1FB03C5E00923C83 /* Project object */;
}
